{
  "name": "map",
  "version": "1.0.0",
  "lockfileVersion": 1,
  "requires": true,
  "dependencies": {
    "leaflet": {
      "version": "1.0.1",
      "resolved": "https://registry.npmjs.org/leaflet/-/leaflet-1.0.1.tgz",
      "integrity": "sha1-WGjDibVWzYVIEZj/i/5ZqN4JMts="
    },
    "wrld.js": {
      "version": "0.1.1495",
      "resolved": "https://registry.npmjs.org/wrld.js/-/wrld.js-0.1.1495.tgz",
      "integrity": "sha1-8ed0uuhD+UuCpBbbMDe8lec5D3A=",
      "requires": {
        "leaflet": "1.0.1"
      }
    }
  }
}
